// !$*UTF8*$!
{
	archiveVersion = 1;
	classes = {
	};
	objectVersion = 56;
	objects = {

/* Begin PBXBuildFile section */
		8B456F152C33E8D4003CFBD1 /* AppDelegate.swift in Sources */ = {isa = PBXBuildFile; fileRef = 8B456F142C33E8D4003CFBD1 /* AppDelegate.swift */; };
		8B456F172C33E8D4003CFBD1 /* SceneDelegate.swift in Sources */ = {isa = PBXBuildFile; fileRef = 8B456F162C33E8D4003CFBD1 /* SceneDelegate.swift */; };
		8B456F192C33E8D4003CFBD1 /* RegisterViewController.swift in Sources */ = {isa = PBXBuildFile; fileRef = 8B456F182C33E8D4003CFBD1 /* RegisterViewController.swift */; };
		8B456F1E2C33E8D6003CFBD1 /* Assets.xcassets in Resources */ = {isa = PBXBuildFile; fileRef = 8B456F1D2C33E8D6003CFBD1 /* Assets.xcassets */; };
		8B456F212C33E8D6003CFBD1 /* Base in Resources */ = {isa = PBXBuildFile; fileRef = 8B456F202C33E8D6003CFBD1 /* Base */; };
		8B456F2B2C33EBB8003CFBD1 /* BaseViewController.swift in Sources */ = {isa = PBXBuildFile; fileRef = 8B456F2A2C33EBB8003CFBD1 /* BaseViewController.swift */; };
		8B456F2D2C33EC01003CFBD1 /* ListViewController.swift in Sources */ = {isa = PBXBuildFile; fileRef = 8B456F2C2C33EC01003CFBD1 /* ListViewController.swift */; };
		8B456F2F2C33EC4A003CFBD1 /* MainViewController.swift in Sources */ = {isa = PBXBuildFile; fileRef = 8B456F2E2C33EC4A003CFBD1 /* MainViewController.swift */; };
		8B456F322C33EDB9003CFBD1 /* RealmSwift in Frameworks */ = {isa = PBXBuildFile; productRef = 8B456F312C33EDB9003CFBD1 /* RealmSwift */; };
		8B456F352C33EDC3003CFBD1 /* SnapKit in Frameworks */ = {isa = PBXBuildFile; productRef = 8B456F342C33EDC3003CFBD1 /* SnapKit */; };
		8B456F382C33EDD7003CFBD1 /* IQKeyboardManagerSwift in Frameworks */ = {isa = PBXBuildFile; productRef = 8B456F372C33EDD7003CFBD1 /* IQKeyboardManagerSwift */; };
		8B456F3B2C33F9A2003CFBD1 /* CategoryTableViewCell.swift in Sources */ = {isa = PBXBuildFile; fileRef = 8B456F3A2C33F9A2003CFBD1 /* CategoryTableViewCell.swift */; };
		8B456F3D2C33F9B7003CFBD1 /* BaseTableViewCell.swift in Sources */ = {isa = PBXBuildFile; fileRef = 8B456F3C2C33F9B7003CFBD1 /* BaseTableViewCell.swift */; };
		8B456F402C33FA27003CFBD1 /* Reusable.swift in Sources */ = {isa = PBXBuildFile; fileRef = 8B456F3F2C33FA27003CFBD1 /* Reusable.swift */; };
		8B456F422C33FACC003CFBD1 /* TodoTableViewCell.swift in Sources */ = {isa = PBXBuildFile; fileRef = 8B456F412C33FACC003CFBD1 /* TodoTableViewCell.swift */; };
		8B456F452C340E55003CFBD1 /* Database.swift in Sources */ = {isa = PBXBuildFile; fileRef = 8B456F442C340E55003CFBD1 /* Database.swift */; };
		8B456F482C341956003CFBD1 /* ListTableViewCell.swift in Sources */ = {isa = PBXBuildFile; fileRef = 8B456F472C341956003CFBD1 /* ListTableViewCell.swift */; };
		8B456F4A2C34BD52003CFBD1 /* Enum.swift in Sources */ = {isa = PBXBuildFile; fileRef = 8B456F492C34BD52003CFBD1 /* Enum.swift */; };
		8B456F4D2C34C56C003CFBD1 /* MainCollectionViewCell.swift in Sources */ = {isa = PBXBuildFile; fileRef = 8B456F4C2C34C56C003CFBD1 /* MainCollectionViewCell.swift */; };
		8B456F532C3529DF003CFBD1 /* DateViewController.swift in Sources */ = {isa = PBXBuildFile; fileRef = 8B456F522C3529DF003CFBD1 /* DateViewController.swift */; };
		8B456F552C3529EA003CFBD1 /* TagViewController.swift in Sources */ = {isa = PBXBuildFile; fileRef = 8B456F542C3529EA003CFBD1 /* TagViewController.swift */; };
		8B456F572C3529FF003CFBD1 /* PriorityViewController.swift in Sources */ = {isa = PBXBuildFile; fileRef = 8B456F562C3529FF003CFBD1 /* PriorityViewController.swift */; };
		8B456F5B2C3542EF003CFBD1 /* PassData.swift in Sources */ = {isa = PBXBuildFile; fileRef = 8B456F5A2C3542EF003CFBD1 /* PassData.swift */; };
		8B456F602C3617E9003CFBD1 /* DetailViewController.swift in Sources */ = {isa = PBXBuildFile; fileRef = 8B456F5F2C3617E9003CFBD1 /* DetailViewController.swift */; };
		8BA3BF912C36232400229026 /* Date+.swift in Sources */ = {isa = PBXBuildFile; fileRef = 8BA3BF902C36232400229026 /* Date+.swift */; };
		8BA3BF9B2C36E02700229026 /* DataList.swift in Sources */ = {isa = PBXBuildFile; fileRef = 8BA3BF9A2C36E02700229026 /* DataList.swift */; };
		8BA3BF9E2C36F78100229026 /* FSCalendar in Frameworks */ = {isa = PBXBuildFile; productRef = 8BA3BF9D2C36F78100229026 /* FSCalendar */; };
		8BFB5C3E2C37EBF100CE14C5 /* Toast in Frameworks */ = {isa = PBXBuildFile; productRef = 8BFB5C3D2C37EBF100CE14C5 /* Toast */; };
		8BFB5C402C38EC9400CE14C5 /* SearchViewController.swift in Sources */ = {isa = PBXBuildFile; fileRef = 8BFB5C3F2C38EC9400CE14C5 /* SearchViewController.swift */; };
		8BFB5C422C38F08E00CE14C5 /* CALayer+.swift in Sources */ = {isa = PBXBuildFile; fileRef = 8BFB5C412C38F08E00CE14C5 /* CALayer+.swift */; };
		8BFB5C482C3933C000CE14C5 /* UIViewController+.swift in Sources */ = {isa = PBXBuildFile; fileRef = 8BFB5C472C3933C000CE14C5 /* UIViewController+.swift */; };
		8BFB5C552C3BBADC00CE14C5 /* RealmRepository.swift in Sources */ = {isa = PBXBuildFile; fileRef = 8BFB5C542C3BBADC00CE14C5 /* RealmRepository.swift */; };
		8BFB5C582C3BD95600CE14C5 /* AddListViewController.swift in Sources */ = {isa = PBXBuildFile; fileRef = 8BFB5C572C3BD95600CE14C5 /* AddListViewController.swift */; };
		8BFB5C5B2C3BEE3000CE14C5 /* CalendarViewController.swift in Sources */ = {isa = PBXBuildFile; fileRef = 8BFB5C5A2C3BEE3000CE14C5 /* CalendarViewController.swift */; };
		8BFB5C5E2C3C0E0300CE14C5 /* AddListTableViewCell.swift in Sources */ = {isa = PBXBuildFile; fileRef = 8BFB5C5D2C3C0E0300CE14C5 /* AddListTableViewCell.swift */; };
		8BFB5C602C3C279700CE14C5 /* ListSelectViewController.swift in Sources */ = {isa = PBXBuildFile; fileRef = 8BFB5C5F2C3C279700CE14C5 /* ListSelectViewController.swift */; };
		8BFB5C622C3C27E700CE14C5 /* ListSelectTableViewCell.swift in Sources */ = {isa = PBXBuildFile; fileRef = 8BFB5C612C3C27E700CE14C5 /* ListSelectTableViewCell.swift */; };
/* End PBXBuildFile section */

/* Begin PBXFileReference section */
		8B456F112C33E8D4003CFBD1 /* ReminderProject.app */ = {isa = PBXFileReference; explicitFileType = wrapper.application; includeInIndex = 0; path = ReminderProject.app; sourceTree = BUILT_PRODUCTS_DIR; };
		8B456F142C33E8D4003CFBD1 /* AppDelegate.swift */ = {isa = PBXFileReference; lastKnownFileType = sourcecode.swift; path = AppDelegate.swift; sourceTree = "<group>"; };
		8B456F162C33E8D4003CFBD1 /* SceneDelegate.swift */ = {isa = PBXFileReference; lastKnownFileType = sourcecode.swift; path = SceneDelegate.swift; sourceTree = "<group>"; };
		8B456F182C33E8D4003CFBD1 /* RegisterViewController.swift */ = {isa = PBXFileReference; lastKnownFileType = sourcecode.swift; path = RegisterViewController.swift; sourceTree = "<group>"; };
		8B456F1D2C33E8D6003CFBD1 /* Assets.xcassets */ = {isa = PBXFileReference; lastKnownFileType = folder.assetcatalog; path = Assets.xcassets; sourceTree = "<group>"; };
		8B456F202C33E8D6003CFBD1 /* Base */ = {isa = PBXFileReference; lastKnownFileType = file.storyboard; name = Base; path = Base.lproj/LaunchScreen.storyboard; sourceTree = "<group>"; };
		8B456F222C33E8D6003CFBD1 /* Info.plist */ = {isa = PBXFileReference; lastKnownFileType = text.plist.xml; path = Info.plist; sourceTree = "<group>"; };
		8B456F2A2C33EBB8003CFBD1 /* BaseViewController.swift */ = {isa = PBXFileReference; lastKnownFileType = sourcecode.swift; path = BaseViewController.swift; sourceTree = "<group>"; };
		8B456F2C2C33EC01003CFBD1 /* ListViewController.swift */ = {isa = PBXFileReference; lastKnownFileType = sourcecode.swift; path = ListViewController.swift; sourceTree = "<group>"; };
		8B456F2E2C33EC4A003CFBD1 /* MainViewController.swift */ = {isa = PBXFileReference; lastKnownFileType = sourcecode.swift; path = MainViewController.swift; sourceTree = "<group>"; };
		8B456F3A2C33F9A2003CFBD1 /* CategoryTableViewCell.swift */ = {isa = PBXFileReference; lastKnownFileType = sourcecode.swift; path = CategoryTableViewCell.swift; sourceTree = "<group>"; };
		8B456F3C2C33F9B7003CFBD1 /* BaseTableViewCell.swift */ = {isa = PBXFileReference; lastKnownFileType = sourcecode.swift; path = BaseTableViewCell.swift; sourceTree = "<group>"; };
		8B456F3F2C33FA27003CFBD1 /* Reusable.swift */ = {isa = PBXFileReference; lastKnownFileType = sourcecode.swift; path = Reusable.swift; sourceTree = "<group>"; };
		8B456F412C33FACC003CFBD1 /* TodoTableViewCell.swift */ = {isa = PBXFileReference; lastKnownFileType = sourcecode.swift; path = TodoTableViewCell.swift; sourceTree = "<group>"; };
		8B456F442C340E55003CFBD1 /* Database.swift */ = {isa = PBXFileReference; lastKnownFileType = sourcecode.swift; path = Database.swift; sourceTree = "<group>"; };
		8B456F472C341956003CFBD1 /* ListTableViewCell.swift */ = {isa = PBXFileReference; lastKnownFileType = sourcecode.swift; path = ListTableViewCell.swift; sourceTree = "<group>"; };
		8B456F492C34BD52003CFBD1 /* Enum.swift */ = {isa = PBXFileReference; lastKnownFileType = sourcecode.swift; path = Enum.swift; sourceTree = "<group>"; };
		8B456F4C2C34C56C003CFBD1 /* MainCollectionViewCell.swift */ = {isa = PBXFileReference; lastKnownFileType = sourcecode.swift; path = MainCollectionViewCell.swift; sourceTree = "<group>"; };
		8B456F522C3529DF003CFBD1 /* DateViewController.swift */ = {isa = PBXFileReference; lastKnownFileType = sourcecode.swift; path = DateViewController.swift; sourceTree = "<group>"; };
		8B456F542C3529EA003CFBD1 /* TagViewController.swift */ = {isa = PBXFileReference; lastKnownFileType = sourcecode.swift; path = TagViewController.swift; sourceTree = "<group>"; };
		8B456F562C3529FF003CFBD1 /* PriorityViewController.swift */ = {isa = PBXFileReference; lastKnownFileType = sourcecode.swift; path = PriorityViewController.swift; sourceTree = "<group>"; };
		8B456F5A2C3542EF003CFBD1 /* PassData.swift */ = {isa = PBXFileReference; lastKnownFileType = sourcecode.swift; path = PassData.swift; sourceTree = "<group>"; };
		8B456F5F2C3617E9003CFBD1 /* DetailViewController.swift */ = {isa = PBXFileReference; lastKnownFileType = sourcecode.swift; path = DetailViewController.swift; sourceTree = "<group>"; };
		8BA3BF902C36232400229026 /* Date+.swift */ = {isa = PBXFileReference; lastKnownFileType = sourcecode.swift; path = "Date+.swift"; sourceTree = "<group>"; };
		8BA3BF9A2C36E02700229026 /* DataList.swift */ = {isa = PBXFileReference; lastKnownFileType = sourcecode.swift; path = DataList.swift; sourceTree = "<group>"; };
		8BFB5C3F2C38EC9400CE14C5 /* SearchViewController.swift */ = {isa = PBXFileReference; lastKnownFileType = sourcecode.swift; path = SearchViewController.swift; sourceTree = "<group>"; };
		8BFB5C412C38F08E00CE14C5 /* CALayer+.swift */ = {isa = PBXFileReference; lastKnownFileType = sourcecode.swift; path = "CALayer+.swift"; sourceTree = "<group>"; };
		8BFB5C472C3933C000CE14C5 /* UIViewController+.swift */ = {isa = PBXFileReference; lastKnownFileType = sourcecode.swift; path = "UIViewController+.swift"; sourceTree = "<group>"; };
		8BFB5C542C3BBADC00CE14C5 /* RealmRepository.swift */ = {isa = PBXFileReference; lastKnownFileType = sourcecode.swift; path = RealmRepository.swift; sourceTree = "<group>"; };
		8BFB5C572C3BD95600CE14C5 /* AddListViewController.swift */ = {isa = PBXFileReference; lastKnownFileType = sourcecode.swift; path = AddListViewController.swift; sourceTree = "<group>"; };
		8BFB5C5A2C3BEE3000CE14C5 /* CalendarViewController.swift */ = {isa = PBXFileReference; lastKnownFileType = sourcecode.swift; path = CalendarViewController.swift; sourceTree = "<group>"; };
		8BFB5C5D2C3C0E0300CE14C5 /* AddListTableViewCell.swift */ = {isa = PBXFileReference; lastKnownFileType = sourcecode.swift; path = AddListTableViewCell.swift; sourceTree = "<group>"; };
		8BFB5C5F2C3C279700CE14C5 /* ListSelectViewController.swift */ = {isa = PBXFileReference; lastKnownFileType = sourcecode.swift; path = ListSelectViewController.swift; sourceTree = "<group>"; };
		8BFB5C612C3C27E700CE14C5 /* ListSelectTableViewCell.swift */ = {isa = PBXFileReference; lastKnownFileType = sourcecode.swift; path = ListSelectTableViewCell.swift; sourceTree = "<group>"; };
/* End PBXFileReference section */

/* Begin PBXFrameworksBuildPhase section */
		8B456F0E2C33E8D4003CFBD1 /* Frameworks */ = {
			isa = PBXFrameworksBuildPhase;
			buildActionMask = 2147483647;
			files = (
				8B456F322C33EDB9003CFBD1 /* RealmSwift in Frameworks */,
				8BA3BF9E2C36F78100229026 /* FSCalendar in Frameworks */,
				8B456F352C33EDC3003CFBD1 /* SnapKit in Frameworks */,
				8BFB5C3E2C37EBF100CE14C5 /* Toast in Frameworks */,
				8B456F382C33EDD7003CFBD1 /* IQKeyboardManagerSwift in Frameworks */,
			);
			runOnlyForDeploymentPostprocessing = 0;
		};
/* End PBXFrameworksBuildPhase section */

/* Begin PBXGroup section */
		8B456F082C33E8D4003CFBD1 = {
			isa = PBXGroup;
			children = (
				8B456F132C33E8D4003CFBD1 /* ReminderProject */,
				8B456F122C33E8D4003CFBD1 /* Products */,
			);
			sourceTree = "<group>";
		};
		8B456F122C33E8D4003CFBD1 /* Products */ = {
			isa = PBXGroup;
			children = (
				8B456F112C33E8D4003CFBD1 /* ReminderProject.app */,
			);
			name = Products;
			sourceTree = "<group>";
		};
		8B456F132C33E8D4003CFBD1 /* ReminderProject */ = {
			isa = PBXGroup;
			children = (
				8BA3BF992C36DFD500229026 /* Resource */,
				8BA3BF8F2C3622F400229026 /* Extension */,
				8B456F3E2C33FA18003CFBD1 /* Protocol */,
				8B456F392C33F989003CFBD1 /* Cell */,
				8B456F292C33EBA3003CFBD1 /* Base */,
				8B456F282C33EB91003CFBD1 /* ViewController */,
				8B456F142C33E8D4003CFBD1 /* AppDelegate.swift */,
				8B456F162C33E8D4003CFBD1 /* SceneDelegate.swift */,
				8B456F1D2C33E8D6003CFBD1 /* Assets.xcassets */,
				8B456F1F2C33E8D6003CFBD1 /* LaunchScreen.storyboard */,
				8B456F222C33E8D6003CFBD1 /* Info.plist */,
			);
			path = ReminderProject;
			sourceTree = "<group>";
		};
		8B456F282C33EB91003CFBD1 /* ViewController */ = {
			isa = PBXGroup;
			children = (
				8B456F5D2C3617C7003CFBD1 /* Main */,
				8BFB5C592C3BEE1200CE14C5 /* Calendar */,
				8B456F512C3529C4003CFBD1 /* Register */,
				8BFB5C562C3BD93600CE14C5 /* AddList */,
				8BFB5C432C38F28C00CE14C5 /* Search */,
				8B456F5E2C3617D6003CFBD1 /* List */,
			);
			path = ViewController;
			sourceTree = "<group>";
		};
		8B456F292C33EBA3003CFBD1 /* Base */ = {
			isa = PBXGroup;
			children = (
				8B456F2A2C33EBB8003CFBD1 /* BaseViewController.swift */,
				8B456F3C2C33F9B7003CFBD1 /* BaseTableViewCell.swift */,
			);
			path = Base;
			sourceTree = "<group>";
		};
		8B456F392C33F989003CFBD1 /* Cell */ = {
			isa = PBXGroup;
			children = (
				8BFB5C5C2C3C0DF100CE14C5 /* AddList */,
				8B456F4B2C34C542003CFBD1 /* Main */,
				8B456F462C34193D003CFBD1 /* AddedMemo */,
				8B456F432C33FAD2003CFBD1 /* Register */,
			);
			path = Cell;
			sourceTree = "<group>";
		};
		8B456F3E2C33FA18003CFBD1 /* Protocol */ = {
			isa = PBXGroup;
			children = (
				8B456F3F2C33FA27003CFBD1 /* Reusable.swift */,
				8B456F5A2C3542EF003CFBD1 /* PassData.swift */,
			);
			path = Protocol;
			sourceTree = "<group>";
		};
		8B456F432C33FAD2003CFBD1 /* Register */ = {
			isa = PBXGroup;
			children = (
				8B456F412C33FACC003CFBD1 /* TodoTableViewCell.swift */,
				8B456F3A2C33F9A2003CFBD1 /* CategoryTableViewCell.swift */,
				8BFB5C612C3C27E700CE14C5 /* ListSelectTableViewCell.swift */,
			);
			path = Register;
			sourceTree = "<group>";
		};
		8B456F462C34193D003CFBD1 /* AddedMemo */ = {
			isa = PBXGroup;
			children = (
				8B456F472C341956003CFBD1 /* ListTableViewCell.swift */,
			);
			path = AddedMemo;
			sourceTree = "<group>";
		};
		8B456F4B2C34C542003CFBD1 /* Main */ = {
			isa = PBXGroup;
			children = (
				8B456F4C2C34C56C003CFBD1 /* MainCollectionViewCell.swift */,
			);
			path = Main;
			sourceTree = "<group>";
		};
		8B456F512C3529C4003CFBD1 /* Register */ = {
			isa = PBXGroup;
			children = (
				8B456F182C33E8D4003CFBD1 /* RegisterViewController.swift */,
				8B456F522C3529DF003CFBD1 /* DateViewController.swift */,
				8B456F542C3529EA003CFBD1 /* TagViewController.swift */,
				8B456F562C3529FF003CFBD1 /* PriorityViewController.swift */,
				8BFB5C5F2C3C279700CE14C5 /* ListSelectViewController.swift */,
			);
			path = Register;
			sourceTree = "<group>";
		};
		8B456F5D2C3617C7003CFBD1 /* Main */ = {
			isa = PBXGroup;
			children = (
				8B456F2E2C33EC4A003CFBD1 /* MainViewController.swift */,
			);
			path = Main;
			sourceTree = "<group>";
		};
		8B456F5E2C3617D6003CFBD1 /* List */ = {
			isa = PBXGroup;
			children = (
				8B456F2C2C33EC01003CFBD1 /* ListViewController.swift */,
				8B456F5F2C3617E9003CFBD1 /* DetailViewController.swift */,
			);
			path = List;
			sourceTree = "<group>";
		};
		8BA3BF8F2C3622F400229026 /* Extension */ = {
			isa = PBXGroup;
			children = (
				8BA3BF902C36232400229026 /* Date+.swift */,
				8BFB5C412C38F08E00CE14C5 /* CALayer+.swift */,
				8BFB5C472C3933C000CE14C5 /* UIViewController+.swift */,
			);
			path = Extension;
			sourceTree = "<group>";
		};
		8BA3BF992C36DFD500229026 /* Resource */ = {
			isa = PBXGroup;
			children = (
				8B456F442C340E55003CFBD1 /* Database.swift */,
				8B456F492C34BD52003CFBD1 /* Enum.swift */,
				8BA3BF9A2C36E02700229026 /* DataList.swift */,
				8BFB5C542C3BBADC00CE14C5 /* RealmRepository.swift */,
			);
			path = Resource;
			sourceTree = "<group>";
		};
		8BFB5C432C38F28C00CE14C5 /* Search */ = {
			isa = PBXGroup;
			children = (
				8BFB5C3F2C38EC9400CE14C5 /* SearchViewController.swift */,
			);
			path = Search;
			sourceTree = "<group>";
		};
		8BFB5C562C3BD93600CE14C5 /* AddList */ = {
			isa = PBXGroup;
			children = (
				8BFB5C572C3BD95600CE14C5 /* AddListViewController.swift */,
			);
			path = AddList;
			sourceTree = "<group>";
		};
		8BFB5C592C3BEE1200CE14C5 /* Calendar */ = {
			isa = PBXGroup;
			children = (
				8BFB5C5A2C3BEE3000CE14C5 /* CalendarViewController.swift */,
			);
			path = Calendar;
			sourceTree = "<group>";
		};
		8BFB5C5C2C3C0DF100CE14C5 /* AddList */ = {
			isa = PBXGroup;
			children = (
				8BFB5C5D2C3C0E0300CE14C5 /* AddListTableViewCell.swift */,
			);
			path = AddList;
			sourceTree = "<group>";
		};
/* End PBXGroup section */

/* Begin PBXNativeTarget section */
		8B456F102C33E8D4003CFBD1 /* ReminderProject */ = {
			isa = PBXNativeTarget;
			buildConfigurationList = 8B456F252C33E8D6003CFBD1 /* Build configuration list for PBXNativeTarget "ReminderProject" */;
			buildPhases = (
				8B456F0D2C33E8D4003CFBD1 /* Sources */,
				8B456F0E2C33E8D4003CFBD1 /* Frameworks */,
				8B456F0F2C33E8D4003CFBD1 /* Resources */,
			);
			buildRules = (
			);
			dependencies = (
			);
			name = ReminderProject;
			packageProductDependencies = (
				8B456F312C33EDB9003CFBD1 /* RealmSwift */,
				8B456F342C33EDC3003CFBD1 /* SnapKit */,
				8B456F372C33EDD7003CFBD1 /* IQKeyboardManagerSwift */,
				8BA3BF9D2C36F78100229026 /* FSCalendar */,
				8BFB5C3D2C37EBF100CE14C5 /* Toast */,
			);
			productName = ReminderProject;
			productReference = 8B456F112C33E8D4003CFBD1 /* ReminderProject.app */;
			productType = "com.apple.product-type.application";
		};
/* End PBXNativeTarget section */

/* Begin PBXProject section */
		8B456F092C33E8D4003CFBD1 /* Project object */ = {
			isa = PBXProject;
			attributes = {
				BuildIndependentTargetsInParallel = 1;
				LastSwiftUpdateCheck = 1540;
				LastUpgradeCheck = 1540;
				TargetAttributes = {
					8B456F102C33E8D4003CFBD1 = {
						CreatedOnToolsVersion = 15.4;
					};
				};
			};
			buildConfigurationList = 8B456F0C2C33E8D4003CFBD1 /* Build configuration list for PBXProject "ReminderProject" */;
			compatibilityVersion = "Xcode 14.0";
			developmentRegion = en;
			hasScannedForEncodings = 0;
			knownRegions = (
				en,
				Base,
			);
			mainGroup = 8B456F082C33E8D4003CFBD1;
			packageReferences = (
				8B456F302C33EDB9003CFBD1 /* XCRemoteSwiftPackageReference "realm-swift" */,
				8B456F332C33EDC3003CFBD1 /* XCRemoteSwiftPackageReference "SnapKit" */,
				8B456F362C33EDD7003CFBD1 /* XCRemoteSwiftPackageReference "IQKeyboardManager" */,
				8BA3BF9C2C36F78100229026 /* XCRemoteSwiftPackageReference "FSCalendar" */,
				8BFB5C3C2C37EBF100CE14C5 /* XCRemoteSwiftPackageReference "Toast-Swift" */,
			);
			productRefGroup = 8B456F122C33E8D4003CFBD1 /* Products */;
			projectDirPath = "";
			projectRoot = "";
			targets = (
				8B456F102C33E8D4003CFBD1 /* ReminderProject */,
			);
		};
/* End PBXProject section */

/* Begin PBXResourcesBuildPhase section */
		8B456F0F2C33E8D4003CFBD1 /* Resources */ = {
			isa = PBXResourcesBuildPhase;
			buildActionMask = 2147483647;
			files = (
				8B456F1E2C33E8D6003CFBD1 /* Assets.xcassets in Resources */,
				8B456F212C33E8D6003CFBD1 /* Base in Resources */,
			);
			runOnlyForDeploymentPostprocessing = 0;
		};
/* End PBXResourcesBuildPhase section */

/* Begin PBXSourcesBuildPhase section */
		8B456F0D2C33E8D4003CFBD1 /* Sources */ = {
			isa = PBXSourcesBuildPhase;
			buildActionMask = 2147483647;
			files = (
				8BFB5C582C3BD95600CE14C5 /* AddListViewController.swift in Sources */,
				8B456F572C3529FF003CFBD1 /* PriorityViewController.swift in Sources */,
				8B456F3D2C33F9B7003CFBD1 /* BaseTableViewCell.swift in Sources */,
				8B456F452C340E55003CFBD1 /* Database.swift in Sources */,
				8B456F192C33E8D4003CFBD1 /* RegisterViewController.swift in Sources */,
				8B456F2B2C33EBB8003CFBD1 /* BaseViewController.swift in Sources */,
				8B456F422C33FACC003CFBD1 /* TodoTableViewCell.swift in Sources */,
				8B456F5B2C3542EF003CFBD1 /* PassData.swift in Sources */,
				8B456F602C3617E9003CFBD1 /* DetailViewController.swift in Sources */,
				8B456F402C33FA27003CFBD1 /* Reusable.swift in Sources */,
				8B456F152C33E8D4003CFBD1 /* AppDelegate.swift in Sources */,
				8BA3BF912C36232400229026 /* Date+.swift in Sources */,
				8B456F4D2C34C56C003CFBD1 /* MainCollectionViewCell.swift in Sources */,
				8BFB5C422C38F08E00CE14C5 /* CALayer+.swift in Sources */,
				8BFB5C402C38EC9400CE14C5 /* SearchViewController.swift in Sources */,
				8BFB5C602C3C279700CE14C5 /* ListSelectViewController.swift in Sources */,
				8B456F4A2C34BD52003CFBD1 /* Enum.swift in Sources */,
				8B456F3B2C33F9A2003CFBD1 /* CategoryTableViewCell.swift in Sources */,
				8BFB5C5E2C3C0E0300CE14C5 /* AddListTableViewCell.swift in Sources */,
				8B456F532C3529DF003CFBD1 /* DateViewController.swift in Sources */,
				8B456F482C341956003CFBD1 /* ListTableViewCell.swift in Sources */,
				8BA3BF9B2C36E02700229026 /* DataList.swift in Sources */,
				8B456F2F2C33EC4A003CFBD1 /* MainViewController.swift in Sources */,
				8BFB5C552C3BBADC00CE14C5 /* RealmRepository.swift in Sources */,
				8BFB5C482C3933C000CE14C5 /* UIViewController+.swift in Sources */,
				8B456F552C3529EA003CFBD1 /* TagViewController.swift in Sources */,
				8BFB5C5B2C3BEE3000CE14C5 /* CalendarViewController.swift in Sources */,
				8BFB5C622C3C27E700CE14C5 /* ListSelectTableViewCell.swift in Sources */,
				8B456F2D2C33EC01003CFBD1 /* ListViewController.swift in Sources */,
				8B456F172C33E8D4003CFBD1 /* SceneDelegate.swift in Sources */,
			);
			runOnlyForDeploymentPostprocessing = 0;
		};
/* End PBXSourcesBuildPhase section */

/* Begin PBXVariantGroup section */
		8B456F1F2C33E8D6003CFBD1 /* LaunchScreen.storyboard */ = {
			isa = PBXVariantGroup;
			children = (
				8B456F202C33E8D6003CFBD1 /* Base */,
			);
			name = LaunchScreen.storyboard;
			sourceTree = "<group>";
		};
/* End PBXVariantGroup section */

/* Begin XCBuildConfiguration section */
		8B456F232C33E8D6003CFBD1 /* Debug */ = {
			isa = XCBuildConfiguration;
			buildSettings = {
				ALWAYS_SEARCH_USER_PATHS = NO;
				ASSETCATALOG_COMPILER_GENERATE_SWIFT_ASSET_SYMBOL_EXTENSIONS = YES;
				CLANG_ANALYZER_NONNULL = YES;
				CLANG_ANALYZER_NUMBER_OBJECT_CONVERSION = YES_AGGRESSIVE;
				CLANG_CXX_LANGUAGE_STANDARD = "gnu++20";
				CLANG_ENABLE_MODULES = YES;
				CLANG_ENABLE_OBJC_ARC = YES;
				CLANG_ENABLE_OBJC_WEAK = YES;
				CLANG_WARN_BLOCK_CAPTURE_AUTORELEASING = YES;
				CLANG_WARN_BOOL_CONVERSION = YES;
				CLANG_WARN_COMMA = YES;
				CLANG_WARN_CONSTANT_CONVERSION = YES;
				CLANG_WARN_DEPRECATED_OBJC_IMPLEMENTATIONS = YES;
				CLANG_WARN_DIRECT_OBJC_ISA_USAGE = YES_ERROR;
				CLANG_WARN_DOCUMENTATION_COMMENTS = YES;
				CLANG_WARN_EMPTY_BODY = YES;
				CLANG_WARN_ENUM_CONVERSION = YES;
				CLANG_WARN_INFINITE_RECURSION = YES;
				CLANG_WARN_INT_CONVERSION = YES;
				CLANG_WARN_NON_LITERAL_NULL_CONVERSION = YES;
				CLANG_WARN_OBJC_IMPLICIT_RETAIN_SELF = YES;
				CLANG_WARN_OBJC_LITERAL_CONVERSION = YES;
				CLANG_WARN_OBJC_ROOT_CLASS = YES_ERROR;
				CLANG_WARN_QUOTED_INCLUDE_IN_FRAMEWORK_HEADER = YES;
				CLANG_WARN_RANGE_LOOP_ANALYSIS = YES;
				CLANG_WARN_STRICT_PROTOTYPES = YES;
				CLANG_WARN_SUSPICIOUS_MOVE = YES;
				CLANG_WARN_UNGUARDED_AVAILABILITY = YES_AGGRESSIVE;
				CLANG_WARN_UNREACHABLE_CODE = YES;
				CLANG_WARN__DUPLICATE_METHOD_MATCH = YES;
				COPY_PHASE_STRIP = NO;
				DEBUG_INFORMATION_FORMAT = dwarf;
				ENABLE_STRICT_OBJC_MSGSEND = YES;
				ENABLE_TESTABILITY = YES;
				ENABLE_USER_SCRIPT_SANDBOXING = YES;
				GCC_C_LANGUAGE_STANDARD = gnu17;
				GCC_DYNAMIC_NO_PIC = NO;
				GCC_NO_COMMON_BLOCKS = YES;
				GCC_OPTIMIZATION_LEVEL = 0;
				GCC_PREPROCESSOR_DEFINITIONS = (
					"DEBUG=1",
					"$(inherited)",
				);
				GCC_WARN_64_TO_32_BIT_CONVERSION = YES;
				GCC_WARN_ABOUT_RETURN_TYPE = YES_ERROR;
				GCC_WARN_UNDECLARED_SELECTOR = YES;
				GCC_WARN_UNINITIALIZED_AUTOS = YES_AGGRESSIVE;
				GCC_WARN_UNUSED_FUNCTION = YES;
				GCC_WARN_UNUSED_VARIABLE = YES;
				IPHONEOS_DEPLOYMENT_TARGET = 17.5;
				LOCALIZATION_PREFERS_STRING_CATALOGS = YES;
				MTL_ENABLE_DEBUG_INFO = INCLUDE_SOURCE;
				MTL_FAST_MATH = YES;
				ONLY_ACTIVE_ARCH = YES;
				SDKROOT = iphoneos;
				SWIFT_ACTIVE_COMPILATION_CONDITIONS = "DEBUG $(inherited)";
				SWIFT_OPTIMIZATION_LEVEL = "-Onone";
			};
			name = Debug;
		};
		8B456F242C33E8D6003CFBD1 /* Release */ = {
			isa = XCBuildConfiguration;
			buildSettings = {
				ALWAYS_SEARCH_USER_PATHS = NO;
				ASSETCATALOG_COMPILER_GENERATE_SWIFT_ASSET_SYMBOL_EXTENSIONS = YES;
				CLANG_ANALYZER_NONNULL = YES;
				CLANG_ANALYZER_NUMBER_OBJECT_CONVERSION = YES_AGGRESSIVE;
				CLANG_CXX_LANGUAGE_STANDARD = "gnu++20";
				CLANG_ENABLE_MODULES = YES;
				CLANG_ENABLE_OBJC_ARC = YES;
				CLANG_ENABLE_OBJC_WEAK = YES;
				CLANG_WARN_BLOCK_CAPTURE_AUTORELEASING = YES;
				CLANG_WARN_BOOL_CONVERSION = YES;
				CLANG_WARN_COMMA = YES;
				CLANG_WARN_CONSTANT_CONVERSION = YES;
				CLANG_WARN_DEPRECATED_OBJC_IMPLEMENTATIONS = YES;
				CLANG_WARN_DIRECT_OBJC_ISA_USAGE = YES_ERROR;
				CLANG_WARN_DOCUMENTATION_COMMENTS = YES;
				CLANG_WARN_EMPTY_BODY = YES;
				CLANG_WARN_ENUM_CONVERSION = YES;
				CLANG_WARN_INFINITE_RECURSION = YES;
				CLANG_WARN_INT_CONVERSION = YES;
				CLANG_WARN_NON_LITERAL_NULL_CONVERSION = YES;
				CLANG_WARN_OBJC_IMPLICIT_RETAIN_SELF = YES;
				CLANG_WARN_OBJC_LITERAL_CONVERSION = YES;
				CLANG_WARN_OBJC_ROOT_CLASS = YES_ERROR;
				CLANG_WARN_QUOTED_INCLUDE_IN_FRAMEWORK_HEADER = YES;
				CLANG_WARN_RANGE_LOOP_ANALYSIS = YES;
				CLANG_WARN_STRICT_PROTOTYPES = YES;
				CLANG_WARN_SUSPICIOUS_MOVE = YES;
				CLANG_WARN_UNGUARDED_AVAILABILITY = YES_AGGRESSIVE;
				CLANG_WARN_UNREACHABLE_CODE = YES;
				CLANG_WARN__DUPLICATE_METHOD_MATCH = YES;
				COPY_PHASE_STRIP = NO;
				DEBUG_INFORMATION_FORMAT = "dwarf-with-dsym";
				ENABLE_NS_ASSERTIONS = NO;
				ENABLE_STRICT_OBJC_MSGSEND = YES;
				ENABLE_USER_SCRIPT_SANDBOXING = YES;
				GCC_C_LANGUAGE_STANDARD = gnu17;
				GCC_NO_COMMON_BLOCKS = YES;
				GCC_WARN_64_TO_32_BIT_CONVERSION = YES;
				GCC_WARN_ABOUT_RETURN_TYPE = YES_ERROR;
				GCC_WARN_UNDECLARED_SELECTOR = YES;
				GCC_WARN_UNINITIALIZED_AUTOS = YES_AGGRESSIVE;
				GCC_WARN_UNUSED_FUNCTION = YES;
				GCC_WARN_UNUSED_VARIABLE = YES;
				IPHONEOS_DEPLOYMENT_TARGET = 17.5;
				LOCALIZATION_PREFERS_STRING_CATALOGS = YES;
				MTL_ENABLE_DEBUG_INFO = NO;
				MTL_FAST_MATH = YES;
				SDKROOT = iphoneos;
				SWIFT_COMPILATION_MODE = wholemodule;
				VALIDATE_PRODUCT = YES;
			};
			name = Release;
		};
		8B456F262C33E8D6003CFBD1 /* Debug */ = {
			isa = XCBuildConfiguration;
			buildSettings = {
				ASSETCATALOG_COMPILER_APPICON_NAME = AppIcon;
				ASSETCATALOG_COMPILER_GLOBAL_ACCENT_COLOR_NAME = AccentColor;
				CODE_SIGN_STYLE = Automatic;
				CURRENT_PROJECT_VERSION = 1;
				GENERATE_INFOPLIST_FILE = YES;
				INFOPLIST_FILE = ReminderProject/Info.plist;
				INFOPLIST_KEY_UIApplicationSupportsIndirectInputEvents = YES;
				INFOPLIST_KEY_UILaunchStoryboardName = LaunchScreen;
				INFOPLIST_KEY_UISupportedInterfaceOrientations = UIInterfaceOrientationPortrait;
				INFOPLIST_KEY_UISupportedInterfaceOrientations_iPad = "UIInterfaceOrientationLandscapeLeft UIInterfaceOrientationLandscapeRight UIInterfaceOrientationPortrait UIInterfaceOrientationPortraitUpsideDown";
				IPHONEOS_DEPLOYMENT_TARGET = 16.0;
				LD_RUNPATH_SEARCH_PATHS = (
					"$(inherited)",
					"@executable_path/Frameworks",
				);
				MARKETING_VERSION = 1.0;
				PRODUCT_BUNDLE_IDENTIFIER = com.Swift.ReminderProject;
				PRODUCT_NAME = "$(TARGET_NAME)";
				SUPPORTED_PLATFORMS = "iphoneos iphonesimulator";
				SUPPORTS_MACCATALYST = NO;
				SUPPORTS_MAC_DESIGNED_FOR_IPHONE_IPAD = NO;
				SUPPORTS_XR_DESIGNED_FOR_IPHONE_IPAD = NO;
				SWIFT_EMIT_LOC_STRINGS = YES;
				SWIFT_VERSION = 5.0;
				TARGETED_DEVICE_FAMILY = 1;
			};
			name = Debug;
		};
		8B456F272C33E8D6003CFBD1 /* Release */ = {
			isa = XCBuildConfiguration;
			buildSettings = {
				ASSETCATALOG_COMPILER_APPICON_NAME = AppIcon;
				ASSETCATALOG_COMPILER_GLOBAL_ACCENT_COLOR_NAME = AccentColor;
				CODE_SIGN_STYLE = Automatic;
				CURRENT_PROJECT_VERSION = 1;
				GENERATE_INFOPLIST_FILE = YES;
				INFOPLIST_FILE = ReminderProject/Info.plist;
				INFOPLIST_KEY_UIApplicationSupportsIndirectInputEvents = YES;
				INFOPLIST_KEY_UILaunchStoryboardName = LaunchScreen;
				INFOPLIST_KEY_UISupportedInterfaceOrientations = UIInterfaceOrientationPortrait;
				INFOPLIST_KEY_UISupportedInterfaceOrientations_iPad = "UIInterfaceOrientationLandscapeLeft UIInterfaceOrientationLandscapeRight UIInterfaceOrientationPortrait UIInterfaceOrientationPortraitUpsideDown";
				IPHONEOS_DEPLOYMENT_TARGET = 16.0;
				LD_RUNPATH_SEARCH_PATHS = (
					"$(inherited)",
					"@executable_path/Frameworks",
				);
				MARKETING_VERSION = 1.0;
				PRODUCT_BUNDLE_IDENTIFIER = com.Swift.ReminderProject;
				PRODUCT_NAME = "$(TARGET_NAME)";
				SUPPORTED_PLATFORMS = "iphoneos iphonesimulator";
				SUPPORTS_MACCATALYST = NO;
				SUPPORTS_MAC_DESIGNED_FOR_IPHONE_IPAD = NO;
				SUPPORTS_XR_DESIGNED_FOR_IPHONE_IPAD = NO;
				SWIFT_EMIT_LOC_STRINGS = YES;
				SWIFT_VERSION = 5.0;
				TARGETED_DEVICE_FAMILY = 1;
			};
			name = Release;
		};
/* End XCBuildConfiguration section */

/* Begin XCConfigurationList section */
		8B456F0C2C33E8D4003CFBD1 /* Build configuration list for PBXProject "ReminderProject" */ = {
			isa = XCConfigurationList;
			buildConfigurations = (
				8B456F232C33E8D6003CFBD1 /* Debug */,
				8B456F242C33E8D6003CFBD1 /* Release */,
			);
			defaultConfigurationIsVisible = 0;
			defaultConfigurationName = Release;
		};
		8B456F252C33E8D6003CFBD1 /* Build configuration list for PBXNativeTarget "ReminderProject" */ = {
			isa = XCConfigurationList;
			buildConfigurations = (
				8B456F262C33E8D6003CFBD1 /* Debug */,
				8B456F272C33E8D6003CFBD1 /* Release */,
			);
			defaultConfigurationIsVisible = 0;
			defaultConfigurationName = Release;
		};
/* End XCConfigurationList section */

/* Begin XCRemoteSwiftPackageReference section */
		8B456F302C33EDB9003CFBD1 /* XCRemoteSwiftPackageReference "realm-swift" */ = {
			isa = XCRemoteSwiftPackageReference;
			repositoryURL = "https://github.com/realm/realm-swift.git";
			requirement = {
				branch = master;
				kind = branch;
			};
		};
		8B456F332C33EDC3003CFBD1 /* XCRemoteSwiftPackageReference "SnapKit" */ = {
			isa = XCRemoteSwiftPackageReference;
			repositoryURL = "https://github.com/SnapKit/SnapKit.git";
			requirement = {
				kind = exactVersion;
				version = 5.7.1;
			};
		};
		8B456F362C33EDD7003CFBD1 /* XCRemoteSwiftPackageReference "IQKeyboardManager" */ = {
			isa = XCRemoteSwiftPackageReference;
			repositoryURL = "https://github.com/hackiftekhar/IQKeyboardManager.git";
			requirement = {
				kind = upToNextMajorVersion;
				minimumVersion = 7.0.3;
			};
		};
		8BA3BF9C2C36F78100229026 /* XCRemoteSwiftPackageReference "FSCalendar" */ = {
			isa = XCRemoteSwiftPackageReference;
			repositoryURL = "https://github.com/WenchaoD/FSCalendar.git";
			requirement = {
				kind = upToNextMajorVersion;
				minimumVersion = 2.8.4;
			};
		};
		8BFB5C3C2C37EBF100CE14C5 /* XCRemoteSwiftPackageReference "Toast-Swift" */ = {
			isa = XCRemoteSwiftPackageReference;
			repositoryURL = "https://github.com/scalessec/Toast-Swift.git";
			requirement = {
				kind = upToNextMajorVersion;
				minimumVersion = 5.1.1;
			};
		};
/* End XCRemoteSwiftPackageReference section */

/* Begin XCSwiftPackageProductDependency section */
		8B456F312C33EDB9003CFBD1 /* RealmSwift */ = {
			isa = XCSwiftPackageProductDependency;
			package = 8B456F302C33EDB9003CFBD1 /* XCRemoteSwiftPackageReference "realm-swift" */;
			productName = RealmSwift;
		};
		8B456F342C33EDC3003CFBD1 /* SnapKit */ = {
			isa = XCSwiftPackageProductDependency;
			package = 8B456F332C33EDC3003CFBD1 /* XCRemoteSwiftPackageReference "SnapKit" */;
			productName = SnapKit;
		};
		8B456F372C33EDD7003CFBD1 /* IQKeyboardManagerSwift */ = {
			isa = XCSwiftPackageProductDependency;
			package = 8B456F362C33EDD7003CFBD1 /* XCRemoteSwiftPackageReference "IQKeyboardManager" */;
			productName = IQKeyboardManagerSwift;
		};
		8BA3BF9D2C36F78100229026 /* FSCalendar */ = {
			isa = XCSwiftPackageProductDependency;
			package = 8BA3BF9C2C36F78100229026 /* XCRemoteSwiftPackageReference "FSCalendar" */;
			productName = FSCalendar;
		};
		8BFB5C3D2C37EBF100CE14C5 /* Toast */ = {
			isa = XCSwiftPackageProductDependency;
			package = 8BFB5C3C2C37EBF100CE14C5 /* XCRemoteSwiftPackageReference "Toast-Swift" */;
			productName = Toast;
		};
/* End XCSwiftPackageProductDependency section */
	};
	rootObject = 8B456F092C33E8D4003CFBD1 /* Project object */;
}
